{
  "version": "5",
  "remote": {
    "https://edge.netlify.com/": "fd941d61d88673d5f28aab283fb86fcc50f08a3bc80ee5470498fcfa88c65cfb",
    "https://edge.netlify.com/bootstrap/config.ts": "6a2ce0e544e15e8f8883a5c18da5948e37fd0f2619f68cb31f3af53c51817025",
    "https://edge.netlify.com/bootstrap/context.ts": "e97240232121e2f369f6546ce961490f34d961ea1ea54be3ff09633e3f08373f",
    "https://edge.netlify.com/bootstrap/cookie.ts": "8b0baae708989ca183c6f3b4ab3d029e6abcbc2e43f93edeb0ff447b3bbc3a05",
    "https://edge.netlify.com/bootstrap/edge_function.ts": "b8253e86aa83c67341f5cfedeba5049d77fbf84dcab7eceff7566b7728ae9b39",
    "https://edge.netlify.com/bootstrap/globals/types.ts": "eaa6148ded3121d8dee62dd91c86e7fe76601df0f3ca8d7962243a30f4c8935f"
  },
  "workspace": {
    "packageJson": {
      "dependencies": [
        "npm:@faker-js/faker@^8.4.1",
        "npm:@huggingface/hub@^2.2.0",
        "npm:@huggingface/inference@^4.11.3",
        "npm:@iconify-json/bi@^1.1.21",
        "npm:@iconify-json/carbon@^1.1.16",
        "npm:@iconify-json/eos-icons@^1.1.6",
        "npm:@iconify-json/lucide@^1.2.77",
        "npm:@modelcontextprotocol/sdk@^1.26.0",
        "npm:@openrouter/agent@0.5",
        "npm:@resvg/resvg-js@^2.6.2",
        "npm:@sveltejs/adapter-netlify@^6.0.4",
        "npm:@sveltejs/adapter-node@^5.2.12",
        "npm:@sveltejs/adapter-static@^3.0.8",
        "npm:@sveltejs/kit@^2.52.2",
        "npm:@sveltejs/vite-plugin-svelte@^5.0.3",
        "npm:@tailwindcss/typography@~0.5.9",
        "npm:@types/dompurify@^3.0.5",
        "npm:@types/js-yaml@^4.0.9",
        "npm:@types/katex@~0.16.7",
        "npm:@types/mime-types@^2.1.4",
        "npm:@types/minimist@^1.2.5",
        "npm:@types/node@^22.1.0",
        "npm:@types/parquetjs@~0.10.3",
        "npm:@types/pg@^8.18.0",
        "npm:@types/three@~0.183.1",
        "npm:@types/uuid@^9.0.8",
        "npm:@types/yazl@^3.3.0",
        "npm:@typescript-eslint/eslint-plugin@6",
        "npm:@typescript-eslint/parser@6",
        "npm:ajv@^8.18.0",
        "npm:autoprefixer@^10.4.14",
        "npm:bits-ui@^2.14.2",
        "npm:bson-objectid@^2.0.4",
        "npm:date-fns@^2.29.3",
        "npm:devalue@^5.6.3",
        "npm:dompurify@^3.2.4",
        "npm:dotenv@^16.5.0",
        "npm:eslint-config-prettier@^8.5.0",
        "npm:eslint-plugin-svelte@^2.45.1",
        "npm:eslint@^8.28.0",
        "npm:file-type@21",
        "npm:handlebars@^4.7.8",
        "npm:highlight.js@^11.7.0",
        "npm:hono@^4.12.0",
        "npm:htmlparser2@10",
        "npm:husky@^9.0.11",
        "npm:ip-address@^9.0.5",
        "npm:isomorphic-dompurify@2.13.0",
        "npm:js-yaml@^4.1.1",
        "npm:jsdom@22",
        "npm:json5@^2.2.3",
        "npm:katex@~0.16.21",
        "npm:lint-staged@^15.2.7",
        "npm:marked@^12.0.1",
        "npm:mime-types@^2.1.35",
        "npm:minimist@^1.2.8",
        "npm:mongodb-memory-server@^10.1.2",
        "npm:mongodb@^5.8.0",
        "npm:nanoid@^5.0.9",
        "npm:openai@^4.44.0",
        "npm:openid-client@^5.4.2",
        "npm:parquetjs@~0.11.2",
        "npm:pg@^8.20.0",
        "npm:pino-pretty@11",
        "npm:pino@9",
        "npm:playwright@^1.55.1",
        "npm:postcss@^8.4.31",
        "npm:prettier-plugin-svelte@^3.2.6",
        "npm:prettier-plugin-tailwindcss@~0.6.11",
        "npm:prettier@^3.5.3",
        "npm:prom-client@^15.1.3",
        "npm:qs@^6.14.2",
        "npm:sade@^1.8.1",
        "npm:satori-html@~0.3.2",
        "npm:satori@~0.10.11",
        "npm:sharp@~0.33.4",
        "npm:superjson@^2.2.2",
        "npm:svelte-check@4",
        "npm:svelte@^5.53.0",
        "npm:tailwind-scrollbar@3",
        "npm:tailwindcss@^3.4.0",
        "npm:three@~0.183.2",
        "npm:tslib@^2.4.1",
        "npm:typescript@^5.5.0",
        "npm:undici@^7.18.2",
        "npm:unplugin-icons@~0.16.1",
        "npm:uuid@10",
        "npm:vite-node@^3.0.9",
        "npm:vite@^6.3.5",
        "npm:vitest-browser-svelte@0.1",
        "npm:vitest@^3.1.4",
        "npm:web-haptics@^0.0.6",
        "npm:yazl@^3.3.1",
        "npm:zod@^3.25.76"
      ],
      "overrides": {
        "@reflink/reflink": "file:stub/@reflink/reflink"
      }
    }
  }
}
